{
    "_readme": [
        "This file locks the dependencies of your project to a known state",
        "Read more about it at https://getcomposer.org/doc/01-basic-usage.md#installing-dependencies",
        "This file is @generated automatically"
    ],
    "content-hash": "04d516cfcd5ab685d9265bc16f1848e7",
    "packages": [],
    "packages-dev": [
        {
            "name": "phpro/grumphp-shim",
            "version": "v0.18.0",
            "source": {
                "type": "git",
                "url": "https://github.com/phpro/grumphp-shim.git",
                "reference": "81a84da47cc825c208b4664857977fbfbf71f0f6"
            },
            "dist": {
                "type": "zip",
                "url": "https://api.github.com/repos/phpro/grumphp-shim/zipball/81a84da47cc825c208b4664857977fbfbf71f0f6",
                "reference": "81a84da47cc825c208b4664857977fbfbf71f0f6",
                "shasum": ""
            },
            "require": {
                "composer-plugin-api": "~1.0",
                "ext-json": "*",
                "php": "^7.1"
            },
            "replace": {
                "phpro/grumphp": "self.version"
            },
            "require-dev": {
                "humbug/box": "^3.8"
            },
            "bin": [
                "grumphp",
                "grumphp.phar"
            ],
            "type": "composer-plugin",
            "extra": {
                "class": "GrumPHP\\Composer\\GrumPHPPlugin"
            },
            "autoload": {
                "psr-4": {
                    "GrumPHP\\": "src"
                }
            },
            "notification-url": "https://packagist.org/downloads/",
            "license": [
                "MIT"
            ],
            "authors": [
                {
                    "name": "Toon Verwerft",
                    "email": "toon.verwerft@phpro.be"
                },
                {
                    "name": "Community",
                    "homepage": "https://github.com/phpro/grumphp/graphs/contributors"
                }
            ],
            "description": "GrumPHP Phar distribution",
            "time": "2020-02-25T18:05:09+00:00"
        }
    ],
    "aliases": [],
    "minimum-stability": "stable",
    "stability-flags": [],
    "prefer-stable": false,
    "prefer-lowest": false,
    "platform": [],
    "platform-dev": []
}
